// !$*UTF8*$!
{
	archiveVersion = 1;
	classes = {
	};
	objectVersion = 46;
	objects = {

/* Begin PBXBuildFile section */
		A166108C1F7DBCDC00C41357 /* AppDelegate.swift in Sources */ = {isa = PBXBuildFile; fileRef = A166108B1F7DBCDC00C41357 /* AppDelegate.swift */; };
		A166108E1F7DBCDC00C41357 /* ViewController.swift in Sources */ = {isa = PBXBuildFile; fileRef = A166108D1F7DBCDC00C41357 /* ViewController.swift */; };
		A16610911F7DBCDC00C41357 /* Main.storyboard in Resources */ = {isa = PBXBuildFile; fileRef = A166108F1F7DBCDC00C41357 /* Main.storyboard */; };
		A16610931F7DBCDC00C41357 /* Assets.xcassets in Resources */ = {isa = PBXBuildFile; fileRef = A16610921F7DBCDC00C41357 /* Assets.xcassets */; };
		A16610961F7DBCDC00C41357 /* LaunchScreen.storyboard in Resources */ = {isa = PBXBuildFile; fileRef = A16610941F7DBCDC00C41357 /* LaunchScreen.storyboard */; };
/* End PBXBuildFile section */

/* Begin PBXFileReference section */
		A16610881F7DBCDC00C41357 /* SillyStories-Musson.app */ = {isa = PBXFileReference; explicitFileType = wrapper.application; includeInIndex = 0; path = "SillyStories-Musson.app"; sourceTree = BUILT_PRODUCTS_DIR; };
		A166108B1F7DBCDC00C41357 /* AppDelegate.swift */ = {isa = PBXFileReference; lastKnownFileType = sourcecode.swift; path = AppDelegate.swift; sourceTree = "<group>"; };
		A166108D1F7DBCDC00C41357 /* ViewController.swift */ = {isa = PBXFileReference; lastKnownFileType = sourcecode.swift; path = ViewController.swift; sourceTree = "<group>"; };
		A16610901F7DBCDC00C41357 /* Base */ = {isa = PBXFileReference; lastKnownFileType = file.storyboard; name = Base; path = Base.lproj/Main.storyboard; sourceTree = "<group>"; };
		A16610921F7DBCDC00C41357 /* Assets.xcassets */ = {isa = PBXFileReference; lastKnownFileType = folder.assetcatalog; path = Assets.xcassets; sourceTree = "<group>"; };
		A16610951F7DBCDC00C41357 /* Base */ = {isa = PBXFileReference; lastKnownFileType = file.storyboard; name = Base; path = Base.lproj/LaunchScreen.storyboard; sourceTree = "<group>"; };
		A16610971F7DBCDC00C41357 /* Info.plist */ = {isa = PBXFileReference; lastKnownFileType = text.plist.xml; path = Info.plist; sourceTree = "<group>"; };
/* End PBXFileReference section */

/* Begin PBXFrameworksBuildPhase section */
		A16610851F7DBCDC00C41357 /* Frameworks */ = {
			isa = PBXFrameworksBuildPhase;
			buildActionMask = 2147483647;
			files = (
			);
			runOnlyForDeploymentPostprocessing = 0;
		};
/* End PBXFrameworksBuildPhase section */

/* Begin PBXGroup section */
		A166107F1F7DBCDB00C41357 = {
			isa = PBXGroup;
			children = (
				A166108A1F7DBCDC00C41357 /* SillyStories-Musson */,
				A16610891F7DBCDC00C41357 /* Products */,
			);
			sourceTree = "<group>";
		};
		A16610891F7DBCDC00C41357 /* Products */ = {
			isa = PBXGroup;
			children = (
				A16610881F7DBCDC00C41357 /* SillyStories-Musson.app */,
			);
			name = Products;
			sourceTree = "<group>";
		};
		A166108A1F7DBCDC00C41357 /* SillyStories-Musson */ = {
			isa = PBXGroup;
			children = (
				A166108B1F7DBCDC00C41357 /* AppDelegate.swift */,
				A166108D1F7DBCDC00C41357 /* ViewController.swift */,
				A166108F1F7DBCDC00C41357 /* Main.storyboard */,
				A16610921F7DBCDC00C41357 /* Assets.xcassets */,
				A16610941F7DBCDC00C41357 /* LaunchScreen.storyboard */,
				A16610971F7DBCDC00C41357 /* Info.plist */,
			);
			path = "SillyStories-Musson";
			sourceTree = "<group>";
		};
/* End PBXGroup section */

/* Begin PBXNativeTarget section */
		A16610871F7DBCDC00C41357 /* SillyStories-Musson */ = {
			isa = PBXNativeTarget;
			buildConfigurationList = A166109A1F7DBCDC00C41357 /* Build configuration list for PBXNativeTarget "SillyStories-Musson" */;
			buildPhases = (
				A16610841F7DBCDC00C41357 /* Sources */,
				A16610851F7DBCDC00C41357 /* Frameworks */,
				A16610861F7DBCDC00C41357 /* Resources */,
			);
			buildRules = (
			);
			dependencies = (
			);
			name = "SillyStories-Musson";
			productName = "SillyStories-Musson";
			productReference = A16610881F7DBCDC00C41357 /* SillyStories-Musson.app */;
			productType = "com.apple.product-type.application";
		};
/* End PBXNativeTarget section */

/* Begin PBXProject section */
		A16610801F7DBCDC00C41357 /* Project object */ = {
			isa = PBXProject;
			attributes = {
				LastSwiftUpdateCheck = 0830;
				LastUpgradeCheck = 0830;
				ORGANIZATIONNAME = "Hannah Musson";
				TargetAttributes = {
					A16610871F7DBCDC00C41357 = {
						CreatedOnToolsVersion = 8.3.3;
						ProvisioningStyle = Automatic;
					};
				};
			};
			buildConfigurationList = A16610831F7DBCDC00C41357 /* Build configuration list for PBXProject "SillyStories-Musson" */;
			compatibilityVersion = "Xcode 3.2";
			developmentRegion = English;
			hasScannedForEncodings = 0;
			knownRegions = (
				en,
				Base,
			);
			mainGroup = A166107F1F7DBCDB00C41357;
			productRefGroup = A16610891F7DBCDC00C41357 /* Products */;
			projectDirPath = "";
			projectRoot = "";
			targets = (
				A16610871F7DBCDC00C41357 /* SillyStories-Musson */,
			);
		};
/* End PBXProject section */

/* Begin PBXResourcesBuildPhase section */
		A16610861F7DBCDC00C41357 /* Resources */ = {
			isa = PBXResourcesBuildPhase;
			buildActionMask = 2147483647;
			files = (
				A16610961F7DBCDC00C41357 /* LaunchScreen.storyboard in Resources */,
				A16610931F7DBCDC00C41357 /* Assets.xcassets in Resources */,
				A16610911F7DBCDC00C41357 /* Main.storyboard in Resources */,
			);
			runOnlyForDeploymentPostprocessing = 0;
		};
/* End PBXResourcesBuildPhase section */

/* Begin PBXSourcesBuildPhase section */
		A16610841F7DBCDC00C41357 /* Sources */ = {
			isa = PBXSourcesBuildPhase;
			buildActionMask = 2147483647;
			files = (
				A166108E1F7DBCDC00C41357 /* ViewController.swift in Sources */,
				A166108C1F7DBCDC00C41357 /* AppDelegate.swift in Sources */,
			);
			runOnlyForDeploymentPostprocessing = 0;
		};
/* End PBXSourcesBuildPhase section */

/* Begin PBXVariantGroup section */
		A166108F1F7DBCDC00C41357 /* Main.storyboard */ = {
			isa = PBXVariantGroup;
			children = (
				A16610901F7DBCDC00C41357 /* Base */,
			);
			name = Main.storyboard;
			sourceTree = "<group>";
		};
		A16610941F7DBCDC00C41357 /* LaunchScreen.storyboard */ = {
			isa = PBXVariantGroup;
			children = (
				A16610951F7DBCDC00C41357 /* Base */,
			);
			name = LaunchScreen.storyboard;
			sourceTree = "<group>";
		};
/* End PBXVariantGroup section */

/* Begin XCBuildConfiguration section */
		A16610981F7DBCDC00C41357 /* Debug */ = {
			isa = XCBuildConfiguration;
			buildSettings = {
				ALWAYS_SEARCH_USER_PATHS = NO;
				CLANG_ANALYZER_NONNULL = YES;
				CLANG_ANALYZER_NUMBER_OBJECT_CONVERSION = YES_AGGRESSIVE;
				CLANG_CXX_LANGUAGE_STANDARD = "gnu++0x";
				CLANG_CXX_LIBRARY = "libc++";
				CLANG_ENABLE_MODULES = YES;
				CLANG_ENABLE_OBJC_ARC = YES;
				CLANG_WARN_BOOL_CONVERSION = YES;
				CLANG_WARN_CONSTANT_CONVERSION = YES;
				CLANG_WARN_DIRECT_OBJC_ISA_USAGE = YES_ERROR;
				CLANG_WARN_DOCUMENTATION_COMMENTS = YES;
				CLANG_WARN_EMPTY_BODY = YES;
				CLANG_WARN_ENUM_CONVERSION = YES;
				CLANG_WARN_INFINITE_RECURSION = YES;
				CLANG_WARN_INT_CONVERSION = YES;
				CLANG_WARN_OBJC_ROOT_CLASS = YES_ERROR;
				CLANG_WARN_SUSPICIOUS_MOVE = YES;
				CLANG_WARN_UNREACHABLE_CODE = YES;
				CLANG_WARN__DUPLICATE_METHOD_MATCH = YES;
				"CODE_SIGN_IDENTITY[sdk=iphoneos*]" = "iPhone Developer";
				COPY_PHASE_STRIP = NO;
				DEBUG_INFORMATION_FORMAT = dwarf;
				ENABLE_STRICT_OBJC_MSGSEND = YES;
				ENABLE_TESTABILITY = YES;
				GCC_C_LANGUAGE_STANDARD = gnu99;
				GCC_DYNAMIC_NO_PIC = NO;
				GCC_NO_COMMON_BLOCKS = YES;
				GCC_OPTIMIZATION_LEVEL = 0;
				GCC_PREPROCESSOR_DEFINITIONS = (
					"DEBUG=1",
					"$(inherited)",
				);
				GCC_WARN_64_TO_32_BIT_CONVERSION = YES;
				GCC_WARN_ABOUT_RETURN_TYPE = YES_ERROR;
				GCC_WARN_UNDECLARED_SELECTOR = YES;
				GCC_WARN_UNINITIALIZED_AUTOS = YES_AGGRESSIVE;
				GCC_WARN_UNUSED_FUNCTION = YES;
				GCC_WARN_UNUSED_VARIABLE = YES;
				IPHONEOS_DEPLOYMENT_TARGET = 10.3;
				MTL_ENABLE_DEBUG_INFO = YES;
				ONLY_ACTIVE_ARCH = YES;
				SDKROOT = iphoneos;
				SWIFT_ACTIVE_COMPILATION_CONDITIONS = DEBUG;
				SWIFT_OPTIMIZATION_LEVEL = "-Onone";
				TARGETED_DEVICE_FAMILY = "1,2";
			};
			name = Debug;
		};
		A16610991F7DBCDC00C41357 /* Release */ = {
			isa = XCBuildConfiguration;
			buildSettings = {
				ALWAYS_SEARCH_USER_PATHS = NO;
				CLANG_ANALYZER_NONNULL = YES;
				CLANG_ANALYZER_NUMBER_OBJECT_CONVERSION = YES_AGGRESSIVE;
				CLANG_CXX_LANGUAGE_STANDARD = "gnu++0x";
				CLANG_CXX_LIBRARY = "libc++";
				CLANG_ENABLE_MODULES = YES;
				CLANG_ENABLE_OBJC_ARC = YES;
				CLANG_WARN_BOOL_CONVERSION = YES;
				CLANG_WARN_CONSTANT_CONVERSION = YES;
				CLANG_WARN_DIRECT_OBJC_ISA_USAGE = YES_ERROR;
				CLANG_WARN_DOCUMENTATION_COMMENTS = YES;
				CLANG_WARN_EMPTY_BODY = YES;
				CLANG_WARN_ENUM_CONVERSION = YES;
				CLANG_WARN_INFINITE_RECURSION = YES;
				CLANG_WARN_INT_CONVERSION = YES;
				CLANG_WARN_OBJC_ROOT_CLASS = YES_ERROR;
				CLANG_WARN_SUSPICIOUS_MOVE = YES;
				CLANG_WARN_UNREACHABLE_CODE = YES;
				CLANG_WARN__DUPLICATE_METHOD_MATCH = YES;
				"CODE_SIGN_IDENTITY[sdk=iphoneos*]" = "iPhone Developer";
				COPY_PHASE_STRIP = NO;
				DEBUG_INFORMATION_FORMAT = "dwarf-with-dsym";
				ENABLE_NS_ASSERTIONS = NO;
				ENABLE_STRICT_OBJC_MSGSEND = YES;
				GCC_C_LANGUAGE_STANDARD = gnu99;
				GCC_NO_COMMON_BLOCKS = YES;
				GCC_WARN_64_TO_32_BIT_CONVERSION = YES;
				GCC_WARN_ABOUT_RETURN_TYPE = YES_ERROR;
				GCC_WARN_UNDECLARED_SELECTOR = YES;
				GCC_WARN_UNINITIALIZED_AUTOS = YES_AGGRESSIVE;
				GCC_WARN_UNUSED_FUNCTION = YES;
				GCC_WARN_UNUSED_VARIABLE = YES;
				IPHONEOS_DEPLOYMENT_TARGET = 10.3;
				MTL_ENABLE_DEBUG_INFO = NO;
				SDKROOT = iphoneos;
				SWIFT_OPTIMIZATION_LEVEL = "-Owholemodule";
				TARGETED_DEVICE_FAMILY = "1,2";
				VALIDATE_PRODUCT = YES;
			};
			name = Release;
		};
		A166109B1F7DBCDC00C41357 /* Debug */ = {
			isa = XCBuildConfiguration;
			buildSettings = {
				ASSETCATALOG_COMPILER_APPICON_NAME = AppIcon;
				INFOPLIST_FILE = "SillyStories-Musson/Info.plist";
				LD_RUNPATH_SEARCH_PATHS = "$(inherited) @executable_path/Frameworks";
				PRODUCT_BUNDLE_IDENTIFIER = "edu.Mills.SillyStories-Musson";
				PRODUCT_NAME = "$(TARGET_NAME)";
				SWIFT_VERSION = 3.0;
			};
			name = Debug;
		};
		A166109C1F7DBCDC00C41357 /* Release */ = {
			isa = XCBuildConfiguration;
			buildSettings = {
				ASSETCATALOG_COMPILER_APPICON_NAME = AppIcon;
				INFOPLIST_FILE = "SillyStories-Musson/Info.plist";
				LD_RUNPATH_SEARCH_PATHS = "$(inherited) @executable_path/Frameworks";
				PRODUCT_BUNDLE_IDENTIFIER = "edu.Mills.SillyStories-Musson";
				PRODUCT_NAME = "$(TARGET_NAME)";
				SWIFT_VERSION = 3.0;
			};
			name = Release;
		};
/* End XCBuildConfiguration section */

/* Begin XCConfigurationList section */
		A16610831F7DBCDC00C41357 /* Build configuration list for PBXProject "SillyStories-Musson" */ = {
			isa = XCConfigurationList;
			buildConfigurations = (
				A16610981F7DBCDC00C41357 /* Debug */,
				A16610991F7DBCDC00C41357 /* Release */,
			);
			defaultConfigurationIsVisible = 0;
			defaultConfigurationName = Release;
		};
		A166109A1F7DBCDC00C41357 /* Build configuration list for PBXNativeTarget "SillyStories-Musson" */ = {
			isa = XCConfigurationList;
			buildConfigurations = (
				A166109B1F7DBCDC00C41357 /* Debug */,
				A166109C1F7DBCDC00C41357 /* Release */,
			);
			defaultConfigurationIsVisible = 0;
		};
/* End XCConfigurationList section */
	};
	rootObject = A16610801F7DBCDC00C41357 /* Project object */;
}
